// !$*UTF8*$!
{
	archiveVersion = 1;
	classes = {
	};
	objectVersion = 46;
	objects = {

/* Begin PBXBuildFile section */
		991D84E01E8D00B800EB79BB /* AppDelegate.swift in Sources */ = {isa = PBXBuildFile; fileRef = 991D84DF1E8D00B800EB79BB /* AppDelegate.swift */; };
		991D84E21E8D00B800EB79BB /* ViewController.swift in Sources */ = {isa = PBXBuildFile; fileRef = 991D84E11E8D00B800EB79BB /* ViewController.swift */; };
		991D84E51E8D00B800EB79BB /* Main.storyboard in Resources */ = {isa = PBXBuildFile; fileRef = 991D84E31E8D00B800EB79BB /* Main.storyboard */; };
		991D84E71E8D00B800EB79BB /* Assets.xcassets in Resources */ = {isa = PBXBuildFile; fileRef = 991D84E61E8D00B800EB79BB /* Assets.xcassets */; };
		991D84EA1E8D00B800EB79BB /* LaunchScreen.storyboard in Resources */ = {isa = PBXBuildFile; fileRef = 991D84E81E8D00B800EB79BB /* LaunchScreen.storyboard */; };
		991D84F31E8D3A3E00EB79BB /* CalculatorBrain.swift in Sources */ = {isa = PBXBuildFile; fileRef = 991D84F21E8D3A3E00EB79BB /* CalculatorBrain.swift */; };
/* End PBXBuildFile section */

/* Begin PBXFileReference section */
		991D84DC1E8D00B800EB79BB /* Calculator.app */ = {isa = PBXFileReference; explicitFileType = wrapper.application; includeInIndex = 0; path = Calculator.app; sourceTree = BUILT_PRODUCTS_DIR; };
		991D84DF1E8D00B800EB79BB /* AppDelegate.swift */ = {isa = PBXFileReference; lastKnownFileType = sourcecode.swift; path = AppDelegate.swift; sourceTree = "<group>"; };
		991D84E11E8D00B800EB79BB /* ViewController.swift */ = {isa = PBXFileReference; lastKnownFileType = sourcecode.swift; path = ViewController.swift; sourceTree = "<group>"; };
		991D84E41E8D00B800EB79BB /* Base */ = {isa = PBXFileReference; lastKnownFileType = file.storyboard; name = Base; path = Base.lproj/Main.storyboard; sourceTree = "<group>"; };
		991D84E61E8D00B800EB79BB /* Assets.xcassets */ = {isa = PBXFileReference; lastKnownFileType = folder.assetcatalog; path = Assets.xcassets; sourceTree = "<group>"; };
		991D84E91E8D00B800EB79BB /* Base */ = {isa = PBXFileReference; lastKnownFileType = file.storyboard; name = Base; path = Base.lproj/LaunchScreen.storyboard; sourceTree = "<group>"; };
		991D84EB1E8D00B800EB79BB /* Info.plist */ = {isa = PBXFileReference; lastKnownFileType = text.plist.xml; path = Info.plist; sourceTree = "<group>"; };
		991D84F21E8D3A3E00EB79BB /* CalculatorBrain.swift */ = {isa = PBXFileReference; fileEncoding = 4; lastKnownFileType = sourcecode.swift; path = CalculatorBrain.swift; sourceTree = "<group>"; };
/* End PBXFileReference section */

/* Begin PBXFrameworksBuildPhase section */
		991D84D91E8D00B800EB79BB /* Frameworks */ = {
			isa = PBXFrameworksBuildPhase;
			buildActionMask = 2147483647;
			files = (
			);
			runOnlyForDeploymentPostprocessing = 0;
		};
/* End PBXFrameworksBuildPhase section */

/* Begin PBXGroup section */
		991D84D31E8D00B800EB79BB = {
			isa = PBXGroup;
			children = (
				991D84DE1E8D00B800EB79BB /* Calculator */,
				991D84DD1E8D00B800EB79BB /* Products */,
			);
			sourceTree = "<group>";
		};
		991D84DD1E8D00B800EB79BB /* Products */ = {
			isa = PBXGroup;
			children = (
				991D84DC1E8D00B800EB79BB /* Calculator.app */,
			);
			name = Products;
			sourceTree = "<group>";
		};
		991D84DE1E8D00B800EB79BB /* Calculator */ = {
			isa = PBXGroup;
			children = (
				991D84F21E8D3A3E00EB79BB /* CalculatorBrain.swift */,
				991D84E11E8D00B800EB79BB /* ViewController.swift */,
				991D84E31E8D00B800EB79BB /* Main.storyboard */,
				991D84F11E8D00DA00EB79BB /* Supporting files */,
			);
			path = Calculator;
			sourceTree = "<group>";
		};
		991D84F11E8D00DA00EB79BB /* Supporting files */ = {
			isa = PBXGroup;
			children = (
				991D84DF1E8D00B800EB79BB /* AppDelegate.swift */,
				991D84E61E8D00B800EB79BB /* Assets.xcassets */,
				991D84E81E8D00B800EB79BB /* LaunchScreen.storyboard */,
				991D84EB1E8D00B800EB79BB /* Info.plist */,
			);
			name = "Supporting files";
			sourceTree = "<group>";
		};
/* End PBXGroup section */

/* Begin PBXNativeTarget section */
		991D84DB1E8D00B800EB79BB /* Calculator */ = {
			isa = PBXNativeTarget;
			buildConfigurationList = 991D84EE1E8D00B800EB79BB /* Build configuration list for PBXNativeTarget "Calculator" */;
			buildPhases = (
				991D84D81E8D00B800EB79BB /* Sources */,
				991D84D91E8D00B800EB79BB /* Frameworks */,
				991D84DA1E8D00B800EB79BB /* Resources */,
			);
			buildRules = (
			);
			dependencies = (
			);
			name = Calculator;
			productName = Calculator;
			productReference = 991D84DC1E8D00B800EB79BB /* Calculator.app */;
			productType = "com.apple.product-type.application";
		};
/* End PBXNativeTarget section */

/* Begin PBXProject section */
		991D84D41E8D00B800EB79BB /* Project object */ = {
			isa = PBXProject;
			attributes = {
				LastSwiftUpdateCheck = 0830;
				LastUpgradeCheck = 0830;
				ORGANIZATIONNAME = Ruziev;
				TargetAttributes = {
					991D84DB1E8D00B800EB79BB = {
						CreatedOnToolsVersion = 8.3;
						DevelopmentTeam = 8CUQFHBJG4;
						ProvisioningStyle = Automatic;
					};
				};
			};
			buildConfigurationList = 991D84D71E8D00B800EB79BB /* Build configuration list for PBXProject "Calculator" */;
			compatibilityVersion = "Xcode 3.2";
			developmentRegion = English;
			hasScannedForEncodings = 0;
			knownRegions = (
				en,
				Base,
			);
			mainGroup = 991D84D31E8D00B800EB79BB;
			productRefGroup = 991D84DD1E8D00B800EB79BB /* Products */;
			projectDirPath = "";
			projectRoot = "";
			targets = (
				991D84DB1E8D00B800EB79BB /* Calculator */,
			);
		};
/* End PBXProject section */

/* Begin PBXResourcesBuildPhase section */
		991D84DA1E8D00B800EB79BB /* Resources */ = {
			isa = PBXResourcesBuildPhase;
			buildActionMask = 2147483647;
			files = (
				991D84EA1E8D00B800EB79BB /* LaunchScreen.storyboard in Resources */,
				991D84E71E8D00B800EB79BB /* Assets.xcassets in Resources */,
				991D84E51E8D00B800EB79BB /* Main.storyboard in Resources */,
			);
			runOnlyForDeploymentPostprocessing = 0;
		};
/* End PBXResourcesBuildPhase section */

/* Begin PBXSourcesBuildPhase section */
		991D84D81E8D00B800EB79BB /* Sources */ = {
			isa = PBXSourcesBuildPhase;
			buildActionMask = 2147483647;
			files = (
				991D84F31E8D3A3E00EB79BB /* CalculatorBrain.swift in Sources */,
				991D84E21E8D00B800EB79BB /* ViewController.swift in Sources */,
				991D84E01E8D00B800EB79BB /* AppDelegate.swift in Sources */,
			);
			runOnlyForDeploymentPostprocessing = 0;
		};
/* End PBXSourcesBuildPhase section */

/* Begin PBXVariantGroup section */
		991D84E31E8D00B800EB79BB /* Main.storyboard */ = {
			isa = PBXVariantGroup;
			children = (
				991D84E41E8D00B800EB79BB /* Base */,
			);
			name = Main.storyboard;
			sourceTree = "<group>";
		};
		991D84E81E8D00B800EB79BB /* LaunchScreen.storyboard */ = {
			isa = PBXVariantGroup;
			children = (
				991D84E91E8D00B800EB79BB /* Base */,
			);
			name = LaunchScreen.storyboard;
			sourceTree = "<group>";
		};
/* End PBXVariantGroup section */

/* Begin XCBuildConfiguration section */
		991D84EC1E8D00B800EB79BB /* Debug */ = {
			isa = XCBuildConfiguration;
			buildSettings = {
				ALWAYS_SEARCH_USER_PATHS = NO;
				CLANG_ANALYZER_NONNULL = YES;
				CLANG_ANALYZER_NUMBER_OBJECT_CONVERSION = YES_AGGRESSIVE;
				CLANG_CXX_LANGUAGE_STANDARD = "gnu++0x";
				CLANG_CXX_LIBRARY = "libc++";
				CLANG_ENABLE_MODULES = YES;
				CLANG_ENABLE_OBJC_ARC = YES;
				CLANG_WARN_BOOL_CONVERSION = YES;
				CLANG_WARN_CONSTANT_CONVERSION = YES;
				CLANG_WARN_DIRECT_OBJC_ISA_USAGE = YES_ERROR;
				CLANG_WARN_DOCUMENTATION_COMMENTS = YES;
				CLANG_WARN_EMPTY_BODY = YES;
				CLANG_WARN_ENUM_CONVERSION = YES;
				CLANG_WARN_INFINITE_RECURSION = YES;
				CLANG_WARN_INT_CONVERSION = YES;
				CLANG_WARN_OBJC_ROOT_CLASS = YES_ERROR;
				CLANG_WARN_SUSPICIOUS_MOVE = YES;
				CLANG_WARN_UNREACHABLE_CODE = YES;
				CLANG_WARN__DUPLICATE_METHOD_MATCH = YES;
				"CODE_SIGN_IDENTITY[sdk=iphoneos*]" = "iPhone Developer";
				COPY_PHASE_STRIP = NO;
				DEBUG_INFORMATION_FORMAT = dwarf;
				ENABLE_STRICT_OBJC_MSGSEND = YES;
				ENABLE_TESTABILITY = YES;
				GCC_C_LANGUAGE_STANDARD = gnu99;
				GCC_DYNAMIC_NO_PIC = NO;
				GCC_NO_COMMON_BLOCKS = YES;
				GCC_OPTIMIZATION_LEVEL = 0;
				GCC_PREPROCESSOR_DEFINITIONS = (
					"DEBUG=1",
					"$(inherited)",
				);
				GCC_WARN_64_TO_32_BIT_CONVERSION = YES;
				GCC_WARN_ABOUT_RETURN_TYPE = YES_ERROR;
				GCC_WARN_UNDECLARED_SELECTOR = YES;
				GCC_WARN_UNINITIALIZED_AUTOS = YES_AGGRESSIVE;
				GCC_WARN_UNUSED_FUNCTION = YES;
				GCC_WARN_UNUSED_VARIABLE = YES;
				IPHONEOS_DEPLOYMENT_TARGET = 10.3;
				MTL_ENABLE_DEBUG_INFO = YES;
				ONLY_ACTIVE_ARCH = YES;
				SDKROOT = iphoneos;
				SWIFT_ACTIVE_COMPILATION_CONDITIONS = DEBUG;
				SWIFT_OPTIMIZATION_LEVEL = "-Onone";
				TARGETED_DEVICE_FAMILY = "1,2";
			};
			name = Debug;
		};
		991D84ED1E8D00B800EB79BB /* Release */ = {
			isa = XCBuildConfiguration;
			buildSettings = {
				ALWAYS_SEARCH_USER_PATHS = NO;
				CLANG_ANALYZER_NONNULL = YES;
				CLANG_ANALYZER_NUMBER_OBJECT_CONVERSION = YES_AGGRESSIVE;
				CLANG_CXX_LANGUAGE_STANDARD = "gnu++0x";
				CLANG_CXX_LIBRARY = "libc++";
				CLANG_ENABLE_MODULES = YES;
				CLANG_ENABLE_OBJC_ARC = YES;
				CLANG_WARN_BOOL_CONVERSION = YES;
				CLANG_WARN_CONSTANT_CONVERSION = YES;
				CLANG_WARN_DIRECT_OBJC_ISA_USAGE = YES_ERROR;
				CLANG_WARN_DOCUMENTATION_COMMENTS = YES;
				CLANG_WARN_EMPTY_BODY = YES;
				CLANG_WARN_ENUM_CONVERSION = YES;
				CLANG_WARN_INFINITE_RECURSION = YES;
				CLANG_WARN_INT_CONVERSION = YES;
				CLANG_WARN_OBJC_ROOT_CLASS = YES_ERROR;
				CLANG_WARN_SUSPICIOUS_MOVE = YES;
				CLANG_WARN_UNREACHABLE_CODE = YES;
				CLANG_WARN__DUPLICATE_METHOD_MATCH = YES;
				"CODE_SIGN_IDENTITY[sdk=iphoneos*]" = "iPhone Developer";
				COPY_PHASE_STRIP = NO;
				DEBUG_INFORMATION_FORMAT = "dwarf-with-dsym";
				ENABLE_NS_ASSERTIONS = NO;
				ENABLE_STRICT_OBJC_MSGSEND = YES;
				GCC_C_LANGUAGE_STANDARD = gnu99;
				GCC_NO_COMMON_BLOCKS = YES;
				GCC_WARN_64_TO_32_BIT_CONVERSION = YES;
				GCC_WARN_ABOUT_RETURN_TYPE = YES_ERROR;
				GCC_WARN_UNDECLARED_SELECTOR = YES;
				GCC_WARN_UNINITIALIZED_AUTOS = YES_AGGRESSIVE;
				GCC_WARN_UNUSED_FUNCTION = YES;
				GCC_WARN_UNUSED_VARIABLE = YES;
				IPHONEOS_DEPLOYMENT_TARGET = 10.3;
				MTL_ENABLE_DEBUG_INFO = NO;
				SDKROOT = iphoneos;
				SWIFT_OPTIMIZATION_LEVEL = "-Owholemodule";
				TARGETED_DEVICE_FAMILY = "1,2";
				VALIDATE_PRODUCT = YES;
			};
			name = Release;
		};
		991D84EF1E8D00B800EB79BB /* Debug */ = {
			isa = XCBuildConfiguration;
			buildSettings = {
				ASSETCATALOG_COMPILER_APPICON_NAME = AppIcon;
				DEVELOPMENT_TEAM = 8CUQFHBJG4;
				INFOPLIST_FILE = Calculator/Info.plist;
				LD_RUNPATH_SEARCH_PATHS = "$(inherited) @executable_path/Frameworks";
				PRODUCT_BUNDLE_IDENTIFIER = com.ruziev.education.Calculator;
				PRODUCT_NAME = "$(TARGET_NAME)";
				SWIFT_VERSION = 3.0;
			};
			name = Debug;
		};
		991D84F01E8D00B800EB79BB /* Release */ = {
			isa = XCBuildConfiguration;
			buildSettings = {
				ASSETCATALOG_COMPILER_APPICON_NAME = AppIcon;
				DEVELOPMENT_TEAM = 8CUQFHBJG4;
				INFOPLIST_FILE = Calculator/Info.plist;
				LD_RUNPATH_SEARCH_PATHS = "$(inherited) @executable_path/Frameworks";
				PRODUCT_BUNDLE_IDENTIFIER = com.ruziev.education.Calculator;
				PRODUCT_NAME = "$(TARGET_NAME)";
				SWIFT_VERSION = 3.0;
			};
			name = Release;
		};
/* End XCBuildConfiguration section */

/* Begin XCConfigurationList section */
		991D84D71E8D00B800EB79BB /* Build configuration list for PBXProject "Calculator" */ = {
			isa = XCConfigurationList;
			buildConfigurations = (
				991D84EC1E8D00B800EB79BB /* Debug */,
				991D84ED1E8D00B800EB79BB /* Release */,
			);
			defaultConfigurationIsVisible = 0;
			defaultConfigurationName = Release;
		};
		991D84EE1E8D00B800EB79BB /* Build configuration list for PBXNativeTarget "Calculator" */ = {
			isa = XCConfigurationList;
			buildConfigurations = (
				991D84EF1E8D00B800EB79BB /* Debug */,
				991D84F01E8D00B800EB79BB /* Release */,
			);
			defaultConfigurationIsVisible = 0;
		};
/* End XCConfigurationList section */
	};
	rootObject = 991D84D41E8D00B800EB79BB /* Project object */;
}
